
Microsoft Visual Studio Solution File, Format Version 12.00
# Visual Studio Version 16
VisualStudioVersion = 16.0.30104.148
MinimumVisualStudioVersion = 10.0.40219.1
Project("{2150E333-8FDC-42A3-9474-1A3956D46DE8}") = "root", "root", "{9D2C61D6-D1B6-4C89-80B2-6DAE2D5FCEE4}"
	ProjectSection(SolutionItems) = preProject
		..\changelog.txt = ..\changelog.txt
		..\README.md = ..\README.md
	EndProjectSection
EndProject
Project("{2150E333-8FDC-42A3-9474-1A3956D46DE8}") = "src", "src", "{7A221C05-991C-4552-A535-6C698C70E12B}"
	ProjectSection(SolutionItems) = preProject
		nuget.config = nuget.config
	EndProjectSection
EndProject
Project("{2150E333-8FDC-42A3-9474-1A3956D46DE8}") = "build", "build", "{F9295842-7E6D-4563-BC4F-BB41EDA0B666}"
	ProjectSection(SolutionItems) = preProject
		..\build\common.props = ..\build\common.props
	EndProjectSection
EndProject
Project("{2150E333-8FDC-42A3-9474-1A3956D46DE8}") = "workflows", "workflows", "{4E22A761-56BF-4805-A435-AE2A676B1374}"
	ProjectSection(SolutionItems) = preProject
		..\.github\workflows\docfx.yml = ..\.github\workflows\docfx.yml
		..\.github\workflows\publish.yml = ..\.github\workflows\publish.yml
		..\.github\workflows\test.yml = ..\.github\workflows\test.yml
	EndProjectSection
EndProject
Project("{9A19103F-16F7-4668-BE54-9A1E7A4F7556}") = "Bannerlord.UIExtenderEx", "Bannerlord.UIExtenderEx\Bannerlord.UIExtenderEx.csproj", "{53D6522F-4AE2-427F-911A-50B857888883}"
EndProject
Project("{2150E333-8FDC-42A3-9474-1A3956D46DE8}") = "tests", "tests", "{74E13D44-2846-49A3-A5AC-D432AD83C9F0}"
EndProject
Project("{9A19103F-16F7-4668-BE54-9A1E7A4F7556}") = "Bannerlord.UIExtenderEx.Tests", "..\tests\Bannerlord.UIExtenderEx.Tests\Bannerlord.UIExtenderEx.Tests.csproj", "{7C6449DA-635E-4BD9-AAFE-CF2C4B2FB988}"
EndProject
Project("{2150E333-8FDC-42A3-9474-1A3956D46DE8}") = "Solution Items", "Solution Items", "{977DEA20-5000-4080-A144-4409A677B08F}"
	ProjectSection(SolutionItems) = preProject
		.editorconfig = .editorconfig
	EndProjectSection
EndProject
Project("{2150E333-8FDC-42A3-9474-1A3956D46DE8}") = "V1Doc", "V1Doc", "{650D0252-BC32-4728-87CB-8BA2CDA85840}"
	ProjectSection(SolutionItems) = preProject
		..\V1Doc\README.md = ..\V1Doc\README.md
	EndProjectSection
EndProject
Global
	GlobalSection(SolutionConfigurationPlatforms) = preSolution
		Beta_Debug|Any CPU = Beta_Debug|Any CPU
		Beta_Release|Any CPU = Beta_Release|Any CPU
		Stable_Debug|Any CPU = Stable_Debug|Any CPU
		Stable_Release|Any CPU = Stable_Release|Any CPU
	EndGlobalSection
	GlobalSection(ProjectConfigurationPlatforms) = postSolution
		{53D6522F-4AE2-427F-911A-50B857888883}.Beta_Debug|Any CPU.ActiveCfg = Beta_Debug|Any CPU
		{53D6522F-4AE2-427F-911A-50B857888883}.Beta_Debug|Any CPU.Build.0 = Beta_Debug|Any CPU
		{53D6522F-4AE2-427F-911A-50B857888883}.Beta_Release|Any CPU.ActiveCfg = Beta_Release|Any CPU
		{53D6522F-4AE2-427F-911A-50B857888883}.Beta_Release|Any CPU.Build.0 = Beta_Release|Any CPU
		{53D6522F-4AE2-427F-911A-50B857888883}.Stable_Debug|Any CPU.ActiveCfg = Stable_Debug|Any CPU
		{53D6522F-4AE2-427F-911A-50B857888883}.Stable_Debug|Any CPU.Build.0 = Stable_Debug|Any CPU
		{53D6522F-4AE2-427F-911A-50B857888883}.Stable_Release|Any CPU.ActiveCfg = Stable_Release|Any CPU
		{53D6522F-4AE2-427F-911A-50B857888883}.Stable_Release|Any CPU.Build.0 = Stable_Release|Any CPU
		{7C6449DA-635E-4BD9-AAFE-CF2C4B2FB988}.Beta_Debug|Any CPU.ActiveCfg = Beta_Debug|Any CPU
		{7C6449DA-635E-4BD9-AAFE-CF2C4B2FB988}.Beta_Debug|Any CPU.Build.0 = Beta_Debug|Any CPU
		{7C6449DA-635E-4BD9-AAFE-CF2C4B2FB988}.Beta_Release|Any CPU.ActiveCfg = Beta_Release|Any CPU
		{7C6449DA-635E-4BD9-AAFE-CF2C4B2FB988}.Beta_Release|Any CPU.Build.0 = Beta_Release|Any CPU
		{7C6449DA-635E-4BD9-AAFE-CF2C4B2FB988}.Stable_Debug|Any CPU.ActiveCfg = Stable_Debug|Any CPU
		{7C6449DA-635E-4BD9-AAFE-CF2C4B2FB988}.Stable_Debug|Any CPU.Build.0 = Stable_Debug|Any CPU
		{7C6449DA-635E-4BD9-AAFE-CF2C4B2FB988}.Stable_Release|Any CPU.ActiveCfg = Stable_Release|Any CPU
		{7C6449DA-635E-4BD9-AAFE-CF2C4B2FB988}.Stable_Release|Any CPU.Build.0 = Stable_Release|Any CPU
	EndGlobalSection
	GlobalSection(SolutionProperties) = preSolution
		HideSolutionNode = FALSE
	EndGlobalSection
	GlobalSection(NestedProjects) = preSolution
		{7A221C05-991C-4552-A535-6C698C70E12B} = {9D2C61D6-D1B6-4C89-80B2-6DAE2D5FCEE4}
		{F9295842-7E6D-4563-BC4F-BB41EDA0B666} = {9D2C61D6-D1B6-4C89-80B2-6DAE2D5FCEE4}
		{4E22A761-56BF-4805-A435-AE2A676B1374} = {9D2C61D6-D1B6-4C89-80B2-6DAE2D5FCEE4}
		{53D6522F-4AE2-427F-911A-50B857888883} = {7A221C05-991C-4552-A535-6C698C70E12B}
		{74E13D44-2846-49A3-A5AC-D432AD83C9F0} = {9D2C61D6-D1B6-4C89-80B2-6DAE2D5FCEE4}
		{7C6449DA-635E-4BD9-AAFE-CF2C4B2FB988} = {74E13D44-2846-49A3-A5AC-D432AD83C9F0}
		{650D0252-BC32-4728-87CB-8BA2CDA85840} = {9D2C61D6-D1B6-4C89-80B2-6DAE2D5FCEE4}
	EndGlobalSection
	GlobalSection(ExtensibilityGlobals) = postSolution
		SolutionGuid = {31629F18-48B4-4C3E-87C3-BDCB9BBF1BBD}
	EndGlobalSection
EndGlobal
