
Microsoft Visual Studio Solution File, Format Version 12.00
# Visual Studio Version 16
VisualStudioVersion = 16.0.30104.148
MinimumVisualStudioVersion = 10.0.40219.1
Project("{2150E333-8FDC-42A3-9474-1A3956D46DE8}") = "root", "root", "{9D2C61D6-D1B6-4C89-80B2-6DAE2D5FCEE4}"
	ProjectSection(SolutionItems) = preProject
		..\changelog.txt = ..\changelog.txt
		..\README.md = ..\README.md
	EndProjectSection
EndProject
Project("{2150E333-8FDC-42A3-9474-1A3956D46DE8}") = "src", "src", "{7A221C05-991C-4552-A535-6C698C70E12B}"
EndProject
Project("{2150E333-8FDC-42A3-9474-1A3956D46DE8}") = "build", "build", "{F9295842-7E6D-4563-BC4F-BB41EDA0B666}"
	ProjectSection(SolutionItems) = preProject
		..\build\common.props = ..\build\common.props
	EndProjectSection
EndProject
Project("{2150E333-8FDC-42A3-9474-1A3956D46DE8}") = "workflows", "workflows", "{4E22A761-56BF-4805-A435-AE2A676B1374}"
	ProjectSection(SolutionItems) = preProject
		..\.github\workflows\docfx.yml = ..\.github\workflows\docfx.yml
		..\.github\workflows\dotnet-format-daily.yml = ..\.github\workflows\dotnet-format-daily.yml
		..\.github\workflows\publish.yml = ..\.github\workflows\publish.yml
		..\.github\workflows\publish-analyzers.yml = ..\.github\workflows\publish-analyzers.yml
		..\.github\workflows\test.yml = ..\.github\workflows\test.yml
	EndProjectSection
EndProject
Project("{9A19103F-16F7-4668-BE54-9A1E7A4F7556}") = "Bannerlord.UIExtenderEx", "Bannerlord.UIExtenderEx\Bannerlord.UIExtenderEx.csproj", "{53D6522F-4AE2-427F-911A-50B857888883}"
EndProject
Project("{2150E333-8FDC-42A3-9474-1A3956D46DE8}") = "tests", "tests", "{74E13D44-2846-49A3-A5AC-D432AD83C9F0}"
EndProject
Project("{9A19103F-16F7-4668-BE54-9A1E7A4F7556}") = "Bannerlord.UIExtenderEx.Tests", "..\tests\Bannerlord.UIExtenderEx.Tests\Bannerlord.UIExtenderEx.Tests.csproj", "{7C6449DA-635E-4BD9-AAFE-CF2C4B2FB988}"
EndProject
Project("{9A19103F-16F7-4668-BE54-9A1E7A4F7556}") = "Bannerlord.UIExtenderEx.CodeGenerator", "Bannerlord.UIExtenderEx.CodeGenerator\Bannerlord.UIExtenderEx.CodeGenerator.csproj", "{68188062-971B-4032-BC71-208D79AB6BA3}"
EndProject
Project("{FAE04EC0-301F-11D3-BF4B-00C04F79EFBC}") = "Bannerlord.UIExtenderEx.CompiledPrefabs", "Bannerlord.UIExtenderEx.CompiledPrefabs\Bannerlord.UIExtenderEx.CompiledPrefabs.csproj", "{7C33EE9C-B7D8-4BF2-91E4-A4D154DB02C6}"
EndProject
Project("{FAE04EC0-301F-11D3-BF4B-00C04F79EFBC}") = "Bannerlord.UIExtenderEx.Compiler", "Bannerlord.UIExtenderEx.Compiler\Bannerlord.UIExtenderEx.Compiler.csproj", "{44DD3522-E924-474D-A2EE-73874EA0385F}"
EndProject
Project("{FAE04EC0-301F-11D3-BF4B-00C04F79EFBC}") = "Bannerlord.UIExtenderEx.Module", "Bannerlord.UIExtenderEx.Module\Bannerlord.UIExtenderEx.Module.csproj", "{ED3B2BC0-9C07-4B16-BB69-B3DEEBF544C1}"
EndProject
Project("{FAE04EC0-301F-11D3-BF4B-00C04F79EFBC}") = "Bannerlord.UIExtenderEx.XmlPrefabs", "Bannerlord.UIExtenderEx.XmlPrefabs\Bannerlord.UIExtenderEx.XmlPrefabs.csproj", "{219D388A-B645-4717-A00A-E60B49C04781}"
EndProject
Project("{FAE04EC0-301F-11D3-BF4B-00C04F79EFBC}") = "Bannerlord.UIExtenderEx.GamePrefabs", "Bannerlord.UIExtenderEx.GamePrefabs\Bannerlord.UIExtenderEx.GamePrefabs.csproj", "{E778FAC0-EAD4-4943-9AA7-67E21D7B829E}"
EndProject
Project("{FAE04EC0-301F-11D3-BF4B-00C04F79EFBC}") = "Bannerlord.UIExtenderEx.Analyzers", "Bannerlord.UIExtenderEx.Analyzers\Bannerlord.UIExtenderEx.Analyzers.csproj", "{623103A1-ABFC-46FE-B18E-26EDC8AE37A0}"
EndProject
Project("{FAE04EC0-301F-11D3-BF4B-00C04F79EFBC}") = "Bannerlord.UIExtenderEx.Analyzers.CodeFixes", "Bannerlord.UIExtenderEx.Analyzers.CodeFixes\Bannerlord.UIExtenderEx.Analyzers.CodeFixes.csproj", "{20E8917D-A831-425C-B041-B21B407235EE}"
EndProject
Project("{FAE04EC0-301F-11D3-BF4B-00C04F79EFBC}") = "Bannerlord.UIExtenderEx.Analyzers.Tests", "..\tests\Bannerlord.UIExtenderEx.Analyzers.Tests\Bannerlord.UIExtenderEx.Analyzers.Tests.csproj", "{459C8770-1E2A-468B-90F4-966914CF308B}"
EndProject
Project("{2150E333-8FDC-42A3-9474-1A3956D46DE8}") = "tests", "tests", "{0AB3BF05-4346-4AA6-1389-037BE0695223}"
EndProject
Project("{FAE04EC0-301F-11D3-BF4B-00C04F79EFBC}") = "Bannerlord.UIExtenderEx.Corpus.Tests", "..\tests\Bannerlord.UIExtenderEx.Corpus.Tests\Bannerlord.UIExtenderEx.Corpus.Tests.csproj", "{C22D6B60-70C0-434A-9983-1D87471CFE9B}"
EndProject
Project("{FAE04EC0-301F-11D3-BF4B-00C04F79EFBC}") = "Bannerlord.UIExtenderEx.Tests.Shared", "..\tests\Bannerlord.UIExtenderEx.Tests.Shared\Bannerlord.UIExtenderEx.Tests.Shared.csproj", "{22A8FA88-0DDD-4D93-8A6E-6F7E9A123DD2}"
EndProject
Project("{FAE04EC0-301F-11D3-BF4B-00C04F79EFBC}") = "Bannerlord.UIExtenderEx.Analyzers.Tasks", "Bannerlord.UIExtenderEx.Analyzers.Tasks\Bannerlord.UIExtenderEx.Analyzers.Tasks.csproj", "{16B659CA-8CF2-4D19-8657-066DAC453819}"
EndProject
Global
	GlobalSection(SolutionConfigurationPlatforms) = preSolution
		Debug|x64 = Debug|x64
		Debug|Any CPU = Debug|Any CPU
		Debug|x86 = Debug|x86
		Release|x64 = Release|x64
		Release|Any CPU = Release|Any CPU
		Release|x86 = Release|x86
	EndGlobalSection
	GlobalSection(ProjectConfigurationPlatforms) = postSolution
		{53D6522F-4AE2-427F-911A-50B857888883}.Debug|x64.ActiveCfg = Debug|x64
		{53D6522F-4AE2-427F-911A-50B857888883}.Debug|x64.Build.0 = Debug|x64
		{53D6522F-4AE2-427F-911A-50B857888883}.Debug|Any CPU.ActiveCfg = Debug|Any CPU
		{53D6522F-4AE2-427F-911A-50B857888883}.Debug|Any CPU.Build.0 = Debug|Any CPU
		{53D6522F-4AE2-427F-911A-50B857888883}.Debug|x86.ActiveCfg = Debug|Any CPU
		{53D6522F-4AE2-427F-911A-50B857888883}.Debug|x86.Build.0 = Debug|Any CPU
		{53D6522F-4AE2-427F-911A-50B857888883}.Release|x64.ActiveCfg = Release|x64
		{53D6522F-4AE2-427F-911A-50B857888883}.Release|x64.Build.0 = Release|x64
		{53D6522F-4AE2-427F-911A-50B857888883}.Release|Any CPU.ActiveCfg = Release|Any CPU
		{53D6522F-4AE2-427F-911A-50B857888883}.Release|Any CPU.Build.0 = Release|Any CPU
		{53D6522F-4AE2-427F-911A-50B857888883}.Release|x86.ActiveCfg = Release|Any CPU
		{53D6522F-4AE2-427F-911A-50B857888883}.Release|x86.Build.0 = Release|Any CPU
		{7C6449DA-635E-4BD9-AAFE-CF2C4B2FB988}.Debug|x64.ActiveCfg = Debug|x64
		{7C6449DA-635E-4BD9-AAFE-CF2C4B2FB988}.Debug|x64.Build.0 = Debug|x64
		{7C6449DA-635E-4BD9-AAFE-CF2C4B2FB988}.Debug|Any CPU.ActiveCfg = Debug|Any CPU
		{7C6449DA-635E-4BD9-AAFE-CF2C4B2FB988}.Debug|Any CPU.Build.0 = Debug|Any CPU
		{7C6449DA-635E-4BD9-AAFE-CF2C4B2FB988}.Debug|x86.ActiveCfg = Debug|Any CPU
		{7C6449DA-635E-4BD9-AAFE-CF2C4B2FB988}.Debug|x86.Build.0 = Debug|Any CPU
		{7C6449DA-635E-4BD9-AAFE-CF2C4B2FB988}.Release|x64.ActiveCfg = Release|x64
		{7C6449DA-635E-4BD9-AAFE-CF2C4B2FB988}.Release|x64.Build.0 = Release|x64
		{7C6449DA-635E-4BD9-AAFE-CF2C4B2FB988}.Release|Any CPU.ActiveCfg = Release|Any CPU
		{7C6449DA-635E-4BD9-AAFE-CF2C4B2FB988}.Release|Any CPU.Build.0 = Release|Any CPU
		{7C6449DA-635E-4BD9-AAFE-CF2C4B2FB988}.Release|x86.ActiveCfg = Release|Any CPU
		{7C6449DA-635E-4BD9-AAFE-CF2C4B2FB988}.Release|x86.Build.0 = Release|Any CPU
		{68188062-971B-4032-BC71-208D79AB6BA3}.Debug|x64.ActiveCfg = Debug|x64
		{68188062-971B-4032-BC71-208D79AB6BA3}.Debug|x64.Build.0 = Debug|x64
		{68188062-971B-4032-BC71-208D79AB6BA3}.Debug|Any CPU.ActiveCfg = Debug|Any CPU
		{68188062-971B-4032-BC71-208D79AB6BA3}.Debug|Any CPU.Build.0 = Debug|Any CPU
		{68188062-971B-4032-BC71-208D79AB6BA3}.Debug|x86.ActiveCfg = Debug|Any CPU
		{68188062-971B-4032-BC71-208D79AB6BA3}.Debug|x86.Build.0 = Debug|Any CPU
		{68188062-971B-4032-BC71-208D79AB6BA3}.Release|x64.ActiveCfg = Release|x64
		{68188062-971B-4032-BC71-208D79AB6BA3}.Release|x64.Build.0 = Release|x64
		{68188062-971B-4032-BC71-208D79AB6BA3}.Release|Any CPU.ActiveCfg = Release|Any CPU
		{68188062-971B-4032-BC71-208D79AB6BA3}.Release|Any CPU.Build.0 = Release|Any CPU
		{68188062-971B-4032-BC71-208D79AB6BA3}.Release|x86.ActiveCfg = Release|Any CPU
		{68188062-971B-4032-BC71-208D79AB6BA3}.Release|x86.Build.0 = Release|Any CPU
		{7C33EE9C-B7D8-4BF2-91E4-A4D154DB02C6}.Debug|x64.ActiveCfg = Debug|x64
		{7C33EE9C-B7D8-4BF2-91E4-A4D154DB02C6}.Debug|x64.Build.0 = Debug|x64
		{7C33EE9C-B7D8-4BF2-91E4-A4D154DB02C6}.Debug|Any CPU.ActiveCfg = Debug|Any CPU
		{7C33EE9C-B7D8-4BF2-91E4-A4D154DB02C6}.Debug|Any CPU.Build.0 = Debug|Any CPU
		{7C33EE9C-B7D8-4BF2-91E4-A4D154DB02C6}.Debug|x86.ActiveCfg = Debug|Any CPU
		{7C33EE9C-B7D8-4BF2-91E4-A4D154DB02C6}.Debug|x86.Build.0 = Debug|Any CPU
		{7C33EE9C-B7D8-4BF2-91E4-A4D154DB02C6}.Release|x64.ActiveCfg = Release|x64
		{7C33EE9C-B7D8-4BF2-91E4-A4D154DB02C6}.Release|x64.Build.0 = Release|x64
		{7C33EE9C-B7D8-4BF2-91E4-A4D154DB02C6}.Release|Any CPU.ActiveCfg = Release|Any CPU
		{7C33EE9C-B7D8-4BF2-91E4-A4D154DB02C6}.Release|Any CPU.Build.0 = Release|Any CPU
		{7C33EE9C-B7D8-4BF2-91E4-A4D154DB02C6}.Release|x86.ActiveCfg = Release|Any CPU
		{7C33EE9C-B7D8-4BF2-91E4-A4D154DB02C6}.Release|x86.Build.0 = Release|Any CPU
		{44DD3522-E924-474D-A2EE-73874EA0385F}.Debug|x64.ActiveCfg = Debug|x64
		{44DD3522-E924-474D-A2EE-73874EA0385F}.Debug|x64.Build.0 = Debug|x64
		{44DD3522-E924-474D-A2EE-73874EA0385F}.Debug|Any CPU.ActiveCfg = Debug|x64
		{44DD3522-E924-474D-A2EE-73874EA0385F}.Debug|Any CPU.Build.0 = Debug|x64
		{44DD3522-E924-474D-A2EE-73874EA0385F}.Debug|x86.ActiveCfg = Debug|x64
		{44DD3522-E924-474D-A2EE-73874EA0385F}.Debug|x86.Build.0 = Debug|x64
		{44DD3522-E924-474D-A2EE-73874EA0385F}.Release|x64.ActiveCfg = Release|x64
		{44DD3522-E924-474D-A2EE-73874EA0385F}.Release|x64.Build.0 = Release|x64
		{44DD3522-E924-474D-A2EE-73874EA0385F}.Release|Any CPU.ActiveCfg = Release|x64
		{44DD3522-E924-474D-A2EE-73874EA0385F}.Release|Any CPU.Build.0 = Release|x64
		{44DD3522-E924-474D-A2EE-73874EA0385F}.Release|x86.ActiveCfg = Release|x64
		{44DD3522-E924-474D-A2EE-73874EA0385F}.Release|x86.Build.0 = Release|x64
		{ED3B2BC0-9C07-4B16-BB69-B3DEEBF544C1}.Debug|x64.ActiveCfg = Debug|x64
		{ED3B2BC0-9C07-4B16-BB69-B3DEEBF544C1}.Debug|x64.Build.0 = Debug|x64
		{ED3B2BC0-9C07-4B16-BB69-B3DEEBF544C1}.Debug|Any CPU.ActiveCfg = Debug|x64
		{ED3B2BC0-9C07-4B16-BB69-B3DEEBF544C1}.Debug|Any CPU.Build.0 = Debug|x64
		{ED3B2BC0-9C07-4B16-BB69-B3DEEBF544C1}.Debug|x86.ActiveCfg = Debug|x64
		{ED3B2BC0-9C07-4B16-BB69-B3DEEBF544C1}.Debug|x86.Build.0 = Debug|x64
		{ED3B2BC0-9C07-4B16-BB69-B3DEEBF544C1}.Release|x64.ActiveCfg = Release|x64
		{ED3B2BC0-9C07-4B16-BB69-B3DEEBF544C1}.Release|x64.Build.0 = Release|x64
		{ED3B2BC0-9C07-4B16-BB69-B3DEEBF544C1}.Release|Any CPU.ActiveCfg = Release|x64
		{ED3B2BC0-9C07-4B16-BB69-B3DEEBF544C1}.Release|Any CPU.Build.0 = Release|x64
		{ED3B2BC0-9C07-4B16-BB69-B3DEEBF544C1}.Release|x86.ActiveCfg = Release|x64
		{ED3B2BC0-9C07-4B16-BB69-B3DEEBF544C1}.Release|x86.Build.0 = Release|x64
		{219D388A-B645-4717-A00A-E60B49C04781}.Debug|x64.ActiveCfg = Debug|x64
		{219D388A-B645-4717-A00A-E60B49C04781}.Debug|x64.Build.0 = Debug|x64
		{219D388A-B645-4717-A00A-E60B49C04781}.Debug|Any CPU.ActiveCfg = Debug|x64
		{219D388A-B645-4717-A00A-E60B49C04781}.Debug|Any CPU.Build.0 = Debug|x64
		{219D388A-B645-4717-A00A-E60B49C04781}.Debug|x86.ActiveCfg = Debug|x64
		{219D388A-B645-4717-A00A-E60B49C04781}.Debug|x86.Build.0 = Debug|x64
		{219D388A-B645-4717-A00A-E60B49C04781}.Release|x64.ActiveCfg = Release|x64
		{219D388A-B645-4717-A00A-E60B49C04781}.Release|x64.Build.0 = Release|x64
		{219D388A-B645-4717-A00A-E60B49C04781}.Release|Any CPU.ActiveCfg = Release|x64
		{219D388A-B645-4717-A00A-E60B49C04781}.Release|Any CPU.Build.0 = Release|x64
		{219D388A-B645-4717-A00A-E60B49C04781}.Release|x86.ActiveCfg = Release|x64
		{219D388A-B645-4717-A00A-E60B49C04781}.Release|x86.Build.0 = Release|x64
		{E778FAC0-EAD4-4943-9AA7-67E21D7B829E}.Debug|x64.ActiveCfg = Debug|x64
		{E778FAC0-EAD4-4943-9AA7-67E21D7B829E}.Debug|x64.Build.0 = Debug|x64
		{E778FAC0-EAD4-4943-9AA7-67E21D7B829E}.Debug|Any CPU.ActiveCfg = Debug|x64
		{E778FAC0-EAD4-4943-9AA7-67E21D7B829E}.Debug|Any CPU.Build.0 = Debug|x64
		{E778FAC0-EAD4-4943-9AA7-67E21D7B829E}.Debug|x86.ActiveCfg = Debug|x64
		{E778FAC0-EAD4-4943-9AA7-67E21D7B829E}.Debug|x86.Build.0 = Debug|x64
		{E778FAC0-EAD4-4943-9AA7-67E21D7B829E}.Release|x64.ActiveCfg = Release|x64
		{E778FAC0-EAD4-4943-9AA7-67E21D7B829E}.Release|x64.Build.0 = Release|x64
		{E778FAC0-EAD4-4943-9AA7-67E21D7B829E}.Release|Any CPU.ActiveCfg = Release|x64
		{E778FAC0-EAD4-4943-9AA7-67E21D7B829E}.Release|Any CPU.Build.0 = Release|x64
		{E778FAC0-EAD4-4943-9AA7-67E21D7B829E}.Release|x86.ActiveCfg = Release|x64
		{E778FAC0-EAD4-4943-9AA7-67E21D7B829E}.Release|x86.Build.0 = Release|x64
		{623103A1-ABFC-46FE-B18E-26EDC8AE37A0}.Debug|x64.ActiveCfg = Debug|Any CPU
		{623103A1-ABFC-46FE-B18E-26EDC8AE37A0}.Debug|x64.Build.0 = Debug|Any CPU
		{623103A1-ABFC-46FE-B18E-26EDC8AE37A0}.Debug|Any CPU.ActiveCfg = Debug|Any CPU
		{623103A1-ABFC-46FE-B18E-26EDC8AE37A0}.Debug|Any CPU.Build.0 = Debug|Any CPU
		{623103A1-ABFC-46FE-B18E-26EDC8AE37A0}.Debug|x86.ActiveCfg = Debug|Any CPU
		{623103A1-ABFC-46FE-B18E-26EDC8AE37A0}.Debug|x86.Build.0 = Debug|Any CPU
		{623103A1-ABFC-46FE-B18E-26EDC8AE37A0}.Release|x64.ActiveCfg = Release|Any CPU
		{623103A1-ABFC-46FE-B18E-26EDC8AE37A0}.Release|x64.Build.0 = Release|Any CPU
		{623103A1-ABFC-46FE-B18E-26EDC8AE37A0}.Release|Any CPU.ActiveCfg = Release|Any CPU
		{623103A1-ABFC-46FE-B18E-26EDC8AE37A0}.Release|Any CPU.Build.0 = Release|Any CPU
		{623103A1-ABFC-46FE-B18E-26EDC8AE37A0}.Release|x86.ActiveCfg = Release|Any CPU
		{623103A1-ABFC-46FE-B18E-26EDC8AE37A0}.Release|x86.Build.0 = Release|Any CPU
		{20E8917D-A831-425C-B041-B21B407235EE}.Debug|x64.ActiveCfg = Debug|Any CPU
		{20E8917D-A831-425C-B041-B21B407235EE}.Debug|x64.Build.0 = Debug|Any CPU
		{20E8917D-A831-425C-B041-B21B407235EE}.Debug|Any CPU.ActiveCfg = Debug|Any CPU
		{20E8917D-A831-425C-B041-B21B407235EE}.Debug|Any CPU.Build.0 = Debug|Any CPU
		{20E8917D-A831-425C-B041-B21B407235EE}.Debug|x86.ActiveCfg = Debug|Any CPU
		{20E8917D-A831-425C-B041-B21B407235EE}.Debug|x86.Build.0 = Debug|Any CPU
		{20E8917D-A831-425C-B041-B21B407235EE}.Release|x64.ActiveCfg = Release|Any CPU
		{20E8917D-A831-425C-B041-B21B407235EE}.Release|x64.Build.0 = Release|Any CPU
		{20E8917D-A831-425C-B041-B21B407235EE}.Release|Any CPU.ActiveCfg = Release|Any CPU
		{20E8917D-A831-425C-B041-B21B407235EE}.Release|Any CPU.Build.0 = Release|Any CPU
		{20E8917D-A831-425C-B041-B21B407235EE}.Release|x86.ActiveCfg = Release|Any CPU
		{20E8917D-A831-425C-B041-B21B407235EE}.Release|x86.Build.0 = Release|Any CPU
		{459C8770-1E2A-468B-90F4-966914CF308B}.Debug|x64.ActiveCfg = Debug|Any CPU
		{459C8770-1E2A-468B-90F4-966914CF308B}.Debug|x64.Build.0 = Debug|Any CPU
		{459C8770-1E2A-468B-90F4-966914CF308B}.Debug|Any CPU.ActiveCfg = Debug|Any CPU
		{459C8770-1E2A-468B-90F4-966914CF308B}.Debug|Any CPU.Build.0 = Debug|Any CPU
		{459C8770-1E2A-468B-90F4-966914CF308B}.Debug|x86.ActiveCfg = Debug|Any CPU
		{459C8770-1E2A-468B-90F4-966914CF308B}.Debug|x86.Build.0 = Debug|Any CPU
		{459C8770-1E2A-468B-90F4-966914CF308B}.Release|x64.ActiveCfg = Release|Any CPU
		{459C8770-1E2A-468B-90F4-966914CF308B}.Release|x64.Build.0 = Release|Any CPU
		{459C8770-1E2A-468B-90F4-966914CF308B}.Release|Any CPU.ActiveCfg = Release|Any CPU
		{459C8770-1E2A-468B-90F4-966914CF308B}.Release|Any CPU.Build.0 = Release|Any CPU
		{459C8770-1E2A-468B-90F4-966914CF308B}.Release|x86.ActiveCfg = Release|Any CPU
		{459C8770-1E2A-468B-90F4-966914CF308B}.Release|x86.Build.0 = Release|Any CPU
		{C22D6B60-70C0-434A-9983-1D87471CFE9B}.Debug|x64.ActiveCfg = Debug|x64
		{C22D6B60-70C0-434A-9983-1D87471CFE9B}.Debug|x64.Build.0 = Debug|x64
		{C22D6B60-70C0-434A-9983-1D87471CFE9B}.Debug|Any CPU.ActiveCfg = Debug|x64
		{C22D6B60-70C0-434A-9983-1D87471CFE9B}.Debug|Any CPU.Build.0 = Debug|x64
		{C22D6B60-70C0-434A-9983-1D87471CFE9B}.Debug|x86.ActiveCfg = Debug|x64
		{C22D6B60-70C0-434A-9983-1D87471CFE9B}.Debug|x86.Build.0 = Debug|x64
		{C22D6B60-70C0-434A-9983-1D87471CFE9B}.Release|x64.ActiveCfg = Release|x64
		{C22D6B60-70C0-434A-9983-1D87471CFE9B}.Release|x64.Build.0 = Release|x64
		{C22D6B60-70C0-434A-9983-1D87471CFE9B}.Release|Any CPU.ActiveCfg = Release|x64
		{C22D6B60-70C0-434A-9983-1D87471CFE9B}.Release|Any CPU.Build.0 = Release|x64
		{C22D6B60-70C0-434A-9983-1D87471CFE9B}.Release|x86.ActiveCfg = Release|x64
		{C22D6B60-70C0-434A-9983-1D87471CFE9B}.Release|x86.Build.0 = Release|x64
		{22A8FA88-0DDD-4D93-8A6E-6F7E9A123DD2}.Debug|x64.ActiveCfg = Debug|x64
		{22A8FA88-0DDD-4D93-8A6E-6F7E9A123DD2}.Debug|x64.Build.0 = Debug|x64
		{22A8FA88-0DDD-4D93-8A6E-6F7E9A123DD2}.Debug|Any CPU.ActiveCfg = Debug|x64
		{22A8FA88-0DDD-4D93-8A6E-6F7E9A123DD2}.Debug|Any CPU.Build.0 = Debug|x64
		{22A8FA88-0DDD-4D93-8A6E-6F7E9A123DD2}.Debug|x86.ActiveCfg = Debug|x64
		{22A8FA88-0DDD-4D93-8A6E-6F7E9A123DD2}.Debug|x86.Build.0 = Debug|x64
		{22A8FA88-0DDD-4D93-8A6E-6F7E9A123DD2}.Release|x64.ActiveCfg = Release|x64
		{22A8FA88-0DDD-4D93-8A6E-6F7E9A123DD2}.Release|x64.Build.0 = Release|x64
		{22A8FA88-0DDD-4D93-8A6E-6F7E9A123DD2}.Release|Any CPU.ActiveCfg = Release|x64
		{22A8FA88-0DDD-4D93-8A6E-6F7E9A123DD2}.Release|Any CPU.Build.0 = Release|x64
		{22A8FA88-0DDD-4D93-8A6E-6F7E9A123DD2}.Release|x86.ActiveCfg = Release|x64
		{22A8FA88-0DDD-4D93-8A6E-6F7E9A123DD2}.Release|x86.Build.0 = Release|x64
		{16B659CA-8CF2-4D19-8657-066DAC453819}.Debug|x64.ActiveCfg = Debug|Any CPU
		{16B659CA-8CF2-4D19-8657-066DAC453819}.Debug|x64.Build.0 = Debug|Any CPU
		{16B659CA-8CF2-4D19-8657-066DAC453819}.Debug|Any CPU.ActiveCfg = Debug|Any CPU
		{16B659CA-8CF2-4D19-8657-066DAC453819}.Debug|Any CPU.Build.0 = Debug|Any CPU
		{16B659CA-8CF2-4D19-8657-066DAC453819}.Debug|x86.ActiveCfg = Debug|Any CPU
		{16B659CA-8CF2-4D19-8657-066DAC453819}.Debug|x86.Build.0 = Debug|Any CPU
		{16B659CA-8CF2-4D19-8657-066DAC453819}.Release|x64.ActiveCfg = Release|Any CPU
		{16B659CA-8CF2-4D19-8657-066DAC453819}.Release|x64.Build.0 = Release|Any CPU
		{16B659CA-8CF2-4D19-8657-066DAC453819}.Release|Any CPU.ActiveCfg = Release|Any CPU
		{16B659CA-8CF2-4D19-8657-066DAC453819}.Release|Any CPU.Build.0 = Release|Any CPU
		{16B659CA-8CF2-4D19-8657-066DAC453819}.Release|x86.ActiveCfg = Release|Any CPU
		{16B659CA-8CF2-4D19-8657-066DAC453819}.Release|x86.Build.0 = Release|Any CPU
	EndGlobalSection
	GlobalSection(SolutionProperties) = preSolution
		HideSolutionNode = FALSE
	EndGlobalSection
	GlobalSection(NestedProjects) = preSolution
		{7A221C05-991C-4552-A535-6C698C70E12B} = {9D2C61D6-D1B6-4C89-80B2-6DAE2D5FCEE4}
		{F9295842-7E6D-4563-BC4F-BB41EDA0B666} = {9D2C61D6-D1B6-4C89-80B2-6DAE2D5FCEE4}
		{4E22A761-56BF-4805-A435-AE2A676B1374} = {9D2C61D6-D1B6-4C89-80B2-6DAE2D5FCEE4}
		{53D6522F-4AE2-427F-911A-50B857888883} = {7A221C05-991C-4552-A535-6C698C70E12B}
		{74E13D44-2846-49A3-A5AC-D432AD83C9F0} = {9D2C61D6-D1B6-4C89-80B2-6DAE2D5FCEE4}
		{7C6449DA-635E-4BD9-AAFE-CF2C4B2FB988} = {74E13D44-2846-49A3-A5AC-D432AD83C9F0}
		{68188062-971B-4032-BC71-208D79AB6BA3} = {7A221C05-991C-4552-A535-6C698C70E12B}
		{7C33EE9C-B7D8-4BF2-91E4-A4D154DB02C6} = {7A221C05-991C-4552-A535-6C698C70E12B}
		{44DD3522-E924-474D-A2EE-73874EA0385F} = {7A221C05-991C-4552-A535-6C698C70E12B}
		{ED3B2BC0-9C07-4B16-BB69-B3DEEBF544C1} = {7A221C05-991C-4552-A535-6C698C70E12B}
		{219D388A-B645-4717-A00A-E60B49C04781} = {7A221C05-991C-4552-A535-6C698C70E12B}
		{E778FAC0-EAD4-4943-9AA7-67E21D7B829E} = {7A221C05-991C-4552-A535-6C698C70E12B}
		{623103A1-ABFC-46FE-B18E-26EDC8AE37A0} = {7A221C05-991C-4552-A535-6C698C70E12B}
		{20E8917D-A831-425C-B041-B21B407235EE} = {7A221C05-991C-4552-A535-6C698C70E12B}
		{459C8770-1E2A-468B-90F4-966914CF308B} = {74E13D44-2846-49A3-A5AC-D432AD83C9F0}
		{C22D6B60-70C0-434A-9983-1D87471CFE9B} = {0AB3BF05-4346-4AA6-1389-037BE0695223}
		{22A8FA88-0DDD-4D93-8A6E-6F7E9A123DD2} = {0AB3BF05-4346-4AA6-1389-037BE0695223}
		{16B659CA-8CF2-4D19-8657-066DAC453819} = {7A221C05-991C-4552-A535-6C698C70E12B}
	EndGlobalSection
	GlobalSection(ExtensibilityGlobals) = postSolution
		SolutionGuid = {31629F18-48B4-4C3E-87C3-BDCB9BBF1BBD}
	EndGlobalSection
EndGlobal
